lockfileVersion: '9.0'

settings:
  autoInstallPeers: true
  excludeLinksFromLockfile: false

importers:

  .:
    devDependencies:
      '@hyperupcall/prettier-config':
        specifier: ^0.7.0
        version: 0.7.0
      prettier:
        specifier: ^3.3.2
        version: 3.3.2
      prettier-plugin-pkg:
        specifier: ^0.18.1
        version: 0.18.1(prettier@3.3.2)
      prettier-plugin-sort-json:
        specifier: ^4.0.0
        version: 4.0.0(prettier@3.3.2)

packages:

  '@hyperupcall/prettier-config@0.7.0':
    resolution: {integrity: sha512-k5Ess4PGr1+GdTyJEKOqk2ToUEYvvW076Ini6boRDxq5L9f2fnHAiFjCSo1cQ86LGBZBA7IKI1FubTbGB7fhJw==}

  prettier-plugin-pkg@0.18.1:
    resolution: {integrity: sha512-FuUxvsYZR/8rsLH8s/jbPQmgYvv0yxW8LoIHCy6+Q7p4FBjjdP3DNKx8fMTOsc0SlEB1skB4o1LcahRceIh87A==}
    engines: {node: ^14.18.0 || >=16.0.0}
    peerDependencies:
      prettier: ^3.0.3

  prettier-plugin-sort-json@4.0.0:
    resolution: {integrity: sha512-zV5g+bWFD2zAqyQ8gCkwUTC49o9FxslaUdirwivt5GZHcf57hCocavykuyYqbExoEsuBOg8IU36OY7zmVEMOWA==}
    engines: {node: '>=18.0.0'}
    peerDependencies:
      prettier: ^3.0.0

  prettier@3.3.2:
    resolution: {integrity: sha512-rAVeHYMcv8ATV5d508CFdn+8/pHPpXeIid1DdrPwXnaAdH7cqjVbpJaT5eq4yRAFU/lsbwYwSF/n5iNrdJHPQA==}
    engines: {node: '>=14'}
    hasBin: true

snapshots:

  '@hyperupcall/prettier-config@0.7.0': {}

  prettier-plugin-pkg@0.18.1(prettier@3.3.2):
    dependencies:
      prettier: 3.3.2

  prettier-plugin-sort-json@4.0.0(prettier@3.3.2):
    dependencies:
      prettier: 3.3.2

  prettier@3.3.2: {}
