lockfileVersion: '6.0'

settings:
  autoInstallPeers: true
  excludeLinksFromLockfile: false

devDependencies:
  '@hyperupcall/prettier-config':
    specifier: ^0.7.0
    version: 0.7.0
  prettier:
    specifier: ^3.0.3
    version: 3.0.3
  prettier-plugin-pkg:
    specifier: ^0.18.0
    version: 0.18.0(prettier@3.0.3)

packages:

  /@hyperupcall/prettier-config@0.7.0:
    resolution: {integrity: sha512-k5Ess4PGr1+GdTyJEKOqk2ToUEYvvW076Ini6boRDxq5L9f2fnHAiFjCSo1cQ86LGBZBA7IKI1FubTbGB7fhJw==}
    dev: true

  /prettier-plugin-pkg@0.18.0(prettier@3.0.3):
    resolution: {integrity: sha512-cme+OUHj25cVj3HwGK6ek/GkCHhlhM1u/IYspOHYsFImaXMJCmjs8xeCcvLreD0HMX5QxObot+3TtQR3Bd2wHw==}
    engines: {node: ^14.18.0 || >=16.0.0}
    peerDependencies:
      prettier: ^3.0.0
    dependencies:
      prettier: 3.0.3
    dev: true

  /prettier@3.0.3:
    resolution: {integrity: sha512-L/4pUDMxcNa8R/EthV08Zt42WBO4h1rarVtK0K+QJG0X187OLo7l699jWw0GKuwzkPQ//jMFA/8Xm6Fh3J/DAg==}
    engines: {node: '>=14'}
    hasBin: true
    dev: true
